
Microsoft Visual Studio Solution File, Format Version 12.00
# Visual Studio Version 17
VisualStudioVersion = 17.1.32421.90
MinimumVisualStudioVersion = 10.0.40219.1
Project("{FAE04EC0-301F-11D3-BF4B-00C04F79EFBC}") = "WebApplicationDistribuidoraApp", "WebApplicationDistribuidoraApp\WebApplicationDistribuidoraApp.csproj", "{22635931-7CDC-45BB-B8BB-C5616D31AFA7}"
EndProject
Global
	GlobalSection(SolutionConfigurationPlatforms) = preSolution
		Debug|Any CPU = Debug|Any CPU
		Release|Any CPU = Release|Any CPU
	EndGlobalSection
	GlobalSection(ProjectConfigurationPlatforms) = postSolution
		{22635931-7CDC-45BB-B8BB-C5616D31AFA7}.Debug|Any CPU.ActiveCfg = Debug|Any CPU
		{22635931-7CDC-45BB-B8BB-C5616D31AFA7}.Debug|Any CPU.Build.0 = Debug|Any CPU
		{22635931-7CDC-45BB-B8BB-C5616D31AFA7}.Release|Any CPU.ActiveCfg = Release|Any CPU
		{22635931-7CDC-45BB-B8BB-C5616D31AFA7}.Release|Any CPU.Build.0 = Release|Any CPU
	EndGlobalSection
	GlobalSection(SolutionProperties) = preSolution
		HideSolutionNode = FALSE
	EndGlobalSection
	GlobalSection(ExtensibilityGlobals) = postSolution
		SolutionGuid = {F9B6848C-268C-4686-9B49-752FDA4E25DD}
	EndGlobalSection
EndGlobal
